// !$*UTF8*$!
{
	archiveVersion = 1;
	classes = {
	};
	objectVersion = 77;
	objects = {

/* Begin PBXBuildFile section */
		085CDCA72441BA5A897F5F53 /* ReadyEstimateTests.swift in Sources */ = {isa = PBXBuildFile; fileRef = 030570AB33B09D580983F6ED /* ReadyEstimateTests.swift */; };
		1D902640E8721BA432092439 /* Checkout.swift in Sources */ = {isa = PBXBuildFile; fileRef = C70F19541F2E18076F5FA80D /* Checkout.swift */; };
		2A5CB47F9CD7C778F30FA73F /* JourneyTrackTests.swift in Sources */ = {isa = PBXBuildFile; fileRef = C20E01A1CBB18BB646D7C719 /* JourneyTrackTests.swift */; };
		372A54856F0A7E0DBE6A2B4A /* Models.swift in Sources */ = {isa = PBXBuildFile; fileRef = 2A9740EB7DC2492BCDC52958 /* Models.swift */; };
		4C646A4E0FC83962FCD5E70E /* CreaseUITests.swift in Sources */ = {isa = PBXBuildFile; fileRef = CF6168E4A19BF37752AA8944 /* CreaseUITests.swift */; };
		5315BCF511CB4837D1B45042 /* CleanerPickerView.swift in Sources */ = {isa = PBXBuildFile; fileRef = FE9754ABB76DF4702653DFCE /* CleanerPickerView.swift */; };
		5499298ACAF3E49A3BC6EB5A /* AddressEntryView.swift in Sources */ = {isa = PBXBuildFile; fileRef = D432DFD06B6B7CA0BAE6AD67 /* AddressEntryView.swift */; };
		57924740791051A3E9A53B82 /* AddressSearch.swift in Sources */ = {isa = PBXBuildFile; fileRef = 7D63B98765EE93622090BA42 /* AddressSearch.swift */; };
		6194AC704D44CB772D9F326A /* ServiceOption.swift in Sources */ = {isa = PBXBuildFile; fileRef = EAA2545435CF9E12FDF457B0 /* ServiceOption.swift */; };
		62CAA121325D196E5626A169 /* OrderStore.swift in Sources */ = {isa = PBXBuildFile; fileRef = AB696D3EE6A52919F9E72D81 /* OrderStore.swift */; };
		65248D63B9B13189C67F76B9 /* Session.swift in Sources */ = {isa = PBXBuildFile; fileRef = CC7A8FDD347AF1823F8CCFA9 /* Session.swift */; };
		707D1EB4C562655AED6F23C7 /* LocationProvider.swift in Sources */ = {isa = PBXBuildFile; fileRef = 88D2741AE4AAB43D7ED21403 /* LocationProvider.swift */; };
		7166AD11F708FC67757EF404 /* PinConfirmView.swift in Sources */ = {isa = PBXBuildFile; fileRef = 65CDD7EB235F4833E4AB572E /* PinConfirmView.swift */; };
		7194E0429F1BF472F7621082 /* Theme.swift in Sources */ = {isa = PBXBuildFile; fileRef = 878103286229AF62E1C35715 /* Theme.swift */; };
		79FDF034AD2673CC8BE119B0 /* Supabase in Frameworks */ = {isa = PBXBuildFile; productRef = 02DD1050D2C1AF4B5A7AE22E /* Supabase */; };
		8720FC51070189C85F80B303 /* SignInView.swift in Sources */ = {isa = PBXBuildFile; fileRef = 08676723DF8AA03131E96937 /* SignInView.swift */; };
		92B390FAF0CED6D747E33C1B /* CreaseApp.swift in Sources */ = {isa = PBXBuildFile; fileRef = 046C115A5D80AFC2989AC77A /* CreaseApp.swift */; };
		AD8DF9D9B8AC121FA1F1D0EE /* OrdersView.swift in Sources */ = {isa = PBXBuildFile; fileRef = 9A0EAE8D5AB3D0426370E058 /* OrdersView.swift */; };
		ADB3B9921399ECCF6C895613 /* StripePaymentSheet in Frameworks */ = {isa = PBXBuildFile; productRef = 255D110BBBD201B5E80C7E7F /* StripePaymentSheet */; };
		B3A8D805084A810FF6881096 /* OrderDetailView.swift in Sources */ = {isa = PBXBuildFile; fileRef = 104032AB1B2E2F303B93931F /* OrderDetailView.swift */; };
		BB81133CC3903567AC111BE1 /* MarketingScreenshots.swift in Sources */ = {isa = PBXBuildFile; fileRef = 28F98B89C26D57784841B735 /* MarketingScreenshots.swift */; };
		C76535D0F4B2723B7845AE0D /* Assets.xcassets in Resources */ = {isa = PBXBuildFile; fileRef = 10202027BD39F23F960C6AEF /* Assets.xcassets */; };
		CE3DA935F82E416A86E57774 /* BookPickupView.swift in Sources */ = {isa = PBXBuildFile; fileRef = C57D978D1F2305CEEC98E55E /* BookPickupView.swift */; };
		E4CD2FB5594370A0F986D845 /* Push.swift in Sources */ = {isa = PBXBuildFile; fileRef = 61376034577AEFE05F4DD391 /* Push.swift */; };
		E5C6078A0B5BAF12AD112831 /* ScheduleReturnView.swift in Sources */ = {isa = PBXBuildFile; fileRef = F44E2D932E82FFF02FB60B57 /* ScheduleReturnView.swift */; };
		FC60CCABC97DB389285ED304 /* DispatchAPI.swift in Sources */ = {isa = PBXBuildFile; fileRef = 0ED5BE30554309513304A64C /* DispatchAPI.swift */; };
/* End PBXBuildFile section */

/* Begin PBXContainerItemProxy section */
		7E884AD7122A5C42F74A69C7 /* PBXContainerItemProxy */ = {
			isa = PBXContainerItemProxy;
			containerPortal = E39EA8B04074742B98020921 /* Project object */;
			proxyType = 1;
			remoteGlobalIDString = 2C0C700B3B7FC451D92062A2;
			remoteInfo = Crease;
		};
		ECA722E6EC852743772CFF8F /* PBXContainerItemProxy */ = {
			isa = PBXContainerItemProxy;
			containerPortal = E39EA8B04074742B98020921 /* Project object */;
			proxyType = 1;
			remoteGlobalIDString = 2C0C700B3B7FC451D92062A2;
			remoteInfo = Crease;
		};
/* End PBXContainerItemProxy section */

/* Begin PBXFileReference section */
		030570AB33B09D580983F6ED /* ReadyEstimateTests.swift */ = {isa = PBXFileReference; lastKnownFileType = sourcecode.swift; path = ReadyEstimateTests.swift; sourceTree = "<group>"; };
		046C115A5D80AFC2989AC77A /* CreaseApp.swift */ = {isa = PBXFileReference; lastKnownFileType = sourcecode.swift; path = CreaseApp.swift; sourceTree = "<group>"; };
		08676723DF8AA03131E96937 /* SignInView.swift */ = {isa = PBXFileReference; lastKnownFileType = sourcecode.swift; path = SignInView.swift; sourceTree = "<group>"; };
		0B5C6106AFD5AEB3835420D1 /* Crease.entitlements */ = {isa = PBXFileReference; lastKnownFileType = text.plist.entitlements; path = Crease.entitlements; sourceTree = "<group>"; };
		0C345CE341227812BDDAB8B9 /* Crease.app */ = {isa = PBXFileReference; includeInIndex = 0; lastKnownFileType = wrapper.application; path = Crease.app; sourceTree = BUILT_PRODUCTS_DIR; };
		0ED5BE30554309513304A64C /* DispatchAPI.swift */ = {isa = PBXFileReference; lastKnownFileType = sourcecode.swift; path = DispatchAPI.swift; sourceTree = "<group>"; };
		10202027BD39F23F960C6AEF /* Assets.xcassets */ = {isa = PBXFileReference; lastKnownFileType = folder.assetcatalog; path = Assets.xcassets; sourceTree = "<group>"; };
		104032AB1B2E2F303B93931F /* OrderDetailView.swift */ = {isa = PBXFileReference; lastKnownFileType = sourcecode.swift; path = OrderDetailView.swift; sourceTree = "<group>"; };
		28F98B89C26D57784841B735 /* MarketingScreenshots.swift */ = {isa = PBXFileReference; lastKnownFileType = sourcecode.swift; path = MarketingScreenshots.swift; sourceTree = "<group>"; };
		2A9740EB7DC2492BCDC52958 /* Models.swift */ = {isa = PBXFileReference; lastKnownFileType = sourcecode.swift; path = Models.swift; sourceTree = "<group>"; };
		39B2121EE8C6FDE0D63F2C17 /* Info.plist */ = {isa = PBXFileReference; lastKnownFileType = text.plist; path = Info.plist; sourceTree = "<group>"; };
		4D8D339EC7C4BB27F9FCC546 /* CreaseTests.xctest */ = {isa = PBXFileReference; includeInIndex = 0; lastKnownFileType = wrapper.cfbundle; path = CreaseTests.xctest; sourceTree = BUILT_PRODUCTS_DIR; };
		61376034577AEFE05F4DD391 /* Push.swift */ = {isa = PBXFileReference; lastKnownFileType = sourcecode.swift; path = Push.swift; sourceTree = "<group>"; };
		65CDD7EB235F4833E4AB572E /* PinConfirmView.swift */ = {isa = PBXFileReference; lastKnownFileType = sourcecode.swift; path = PinConfirmView.swift; sourceTree = "<group>"; };
		7D63B98765EE93622090BA42 /* AddressSearch.swift */ = {isa = PBXFileReference; lastKnownFileType = sourcecode.swift; path = AddressSearch.swift; sourceTree = "<group>"; };
		878103286229AF62E1C35715 /* Theme.swift */ = {isa = PBXFileReference; lastKnownFileType = sourcecode.swift; path = Theme.swift; sourceTree = "<group>"; };
		88D2741AE4AAB43D7ED21403 /* LocationProvider.swift */ = {isa = PBXFileReference; lastKnownFileType = sourcecode.swift; path = LocationProvider.swift; sourceTree = "<group>"; };
		9A0EAE8D5AB3D0426370E058 /* OrdersView.swift */ = {isa = PBXFileReference; lastKnownFileType = sourcecode.swift; path = OrdersView.swift; sourceTree = "<group>"; };
		AB696D3EE6A52919F9E72D81 /* OrderStore.swift */ = {isa = PBXFileReference; lastKnownFileType = sourcecode.swift; path = OrderStore.swift; sourceTree = "<group>"; };
		C20E01A1CBB18BB646D7C719 /* JourneyTrackTests.swift */ = {isa = PBXFileReference; lastKnownFileType = sourcecode.swift; path = JourneyTrackTests.swift; sourceTree = "<group>"; };
		C57D978D1F2305CEEC98E55E /* BookPickupView.swift */ = {isa = PBXFileReference; lastKnownFileType = sourcecode.swift; path = BookPickupView.swift; sourceTree = "<group>"; };
		C70F19541F2E18076F5FA80D /* Checkout.swift */ = {isa = PBXFileReference; lastKnownFileType = sourcecode.swift; path = Checkout.swift; sourceTree = "<group>"; };
		CC7A8FDD347AF1823F8CCFA9 /* Session.swift */ = {isa = PBXFileReference; lastKnownFileType = sourcecode.swift; path = Session.swift; sourceTree = "<group>"; };
		CF6168E4A19BF37752AA8944 /* CreaseUITests.swift */ = {isa = PBXFileReference; lastKnownFileType = sourcecode.swift; path = CreaseUITests.swift; sourceTree = "<group>"; };
		D432DFD06B6B7CA0BAE6AD67 /* AddressEntryView.swift */ = {isa = PBXFileReference; lastKnownFileType = sourcecode.swift; path = AddressEntryView.swift; sourceTree = "<group>"; };
		EAA2545435CF9E12FDF457B0 /* ServiceOption.swift */ = {isa = PBXFileReference; lastKnownFileType = sourcecode.swift; path = ServiceOption.swift; sourceTree = "<group>"; };
		F44E2D932E82FFF02FB60B57 /* ScheduleReturnView.swift */ = {isa = PBXFileReference; lastKnownFileType = sourcecode.swift; path = ScheduleReturnView.swift; sourceTree = "<group>"; };
		F86DCA15AB65C766DF0F5BDE /* CreaseUITests.xctest */ = {isa = PBXFileReference; includeInIndex = 0; lastKnownFileType = wrapper.cfbundle; path = CreaseUITests.xctest; sourceTree = BUILT_PRODUCTS_DIR; };
		FE9754ABB76DF4702653DFCE /* CleanerPickerView.swift */ = {isa = PBXFileReference; lastKnownFileType = sourcecode.swift; path = CleanerPickerView.swift; sourceTree = "<group>"; };
		"TEMP_447798B9-27C4-41B4-BA37-79004E23267B" /* Secrets.xcconfig */ = {isa = PBXFileReference; lastKnownFileType = text.xcconfig; path = Secrets.xcconfig; sourceTree = "<group>"; };
/* End PBXFileReference section */

/* Begin PBXFrameworksBuildPhase section */
		EEEC22F95A8A0D5F9DB2B889 /* Frameworks */ = {
			isa = PBXFrameworksBuildPhase;
			buildActionMask = 2147483647;
			files = (
				79FDF034AD2673CC8BE119B0 /* Supabase in Frameworks */,
				ADB3B9921399ECCF6C895613 /* StripePaymentSheet in Frameworks */,
			);
			runOnlyForDeploymentPostprocessing = 0;
		};
/* End PBXFrameworksBuildPhase section */

/* Begin PBXGroup section */
		1B3A74420E5C72636E18255A /* Products */ = {
			isa = PBXGroup;
			children = (
				0C345CE341227812BDDAB8B9 /* Crease.app */,
				4D8D339EC7C4BB27F9FCC546 /* CreaseTests.xctest */,
				F86DCA15AB65C766DF0F5BDE /* CreaseUITests.xctest */,
			);
			name = Products;
			sourceTree = "<group>";
		};
		59EE427430B159628B39B453 /* CreaseUITests */ = {
			isa = PBXGroup;
			children = (
				CF6168E4A19BF37752AA8944 /* CreaseUITests.swift */,
				28F98B89C26D57784841B735 /* MarketingScreenshots.swift */,
			);
			path = CreaseUITests;
			sourceTree = "<group>";
		};
		754A824F81BAAEB2D7EC385C /* Features */ = {
			isa = PBXGroup;
			children = (
				104032AB1B2E2F303B93931F /* OrderDetailView.swift */,
				9A0EAE8D5AB3D0426370E058 /* OrdersView.swift */,
				F44E2D932E82FFF02FB60B57 /* ScheduleReturnView.swift */,
				08676723DF8AA03131E96937 /* SignInView.swift */,
				8E68974C6D392F38A7A3004E /* Pickup */,
			);
			path = Features;
			sourceTree = "<group>";
		};
		7C2C2715CBB6CAF0D1802516 /* Core */ = {
			isa = PBXGroup;
			children = (
				C70F19541F2E18076F5FA80D /* Checkout.swift */,
				0ED5BE30554309513304A64C /* DispatchAPI.swift */,
				88D2741AE4AAB43D7ED21403 /* LocationProvider.swift */,
				2A9740EB7DC2492BCDC52958 /* Models.swift */,
				AB696D3EE6A52919F9E72D81 /* OrderStore.swift */,
				61376034577AEFE05F4DD391 /* Push.swift */,
				CC7A8FDD347AF1823F8CCFA9 /* Session.swift */,
				878103286229AF62E1C35715 /* Theme.swift */,
			);
			path = Core;
			sourceTree = "<group>";
		};
		85ECF107DF9C6CF35D48612D /* Crease */ = {
			isa = PBXGroup;
			children = (
				0B5C6106AFD5AEB3835420D1 /* Crease.entitlements */,
				046C115A5D80AFC2989AC77A /* CreaseApp.swift */,
				39B2121EE8C6FDE0D63F2C17 /* Info.plist */,
				7C2C2715CBB6CAF0D1802516 /* Core */,
				754A824F81BAAEB2D7EC385C /* Features */,
				A33220FE1D73CB23916EDEEA /* Resources */,
			);
			path = Crease;
			sourceTree = "<group>";
		};
		8E68974C6D392F38A7A3004E /* Pickup */ = {
			isa = PBXGroup;
			children = (
				D432DFD06B6B7CA0BAE6AD67 /* AddressEntryView.swift */,
				7D63B98765EE93622090BA42 /* AddressSearch.swift */,
				C57D978D1F2305CEEC98E55E /* BookPickupView.swift */,
				FE9754ABB76DF4702653DFCE /* CleanerPickerView.swift */,
				65CDD7EB235F4833E4AB572E /* PinConfirmView.swift */,
				EAA2545435CF9E12FDF457B0 /* ServiceOption.swift */,
			);
			path = Pickup;
			sourceTree = "<group>";
		};
		95C016BAD151D00460D30E29 = {
			isa = PBXGroup;
			children = (
				85ECF107DF9C6CF35D48612D /* Crease */,
				D5FBE532EE59E1536AE720B3 /* CreaseTests */,
				59EE427430B159628B39B453 /* CreaseUITests */,
				1B3A74420E5C72636E18255A /* Products */,
			);
			sourceTree = "<group>";
		};
		A33220FE1D73CB23916EDEEA /* Resources */ = {
			isa = PBXGroup;
			children = (
				10202027BD39F23F960C6AEF /* Assets.xcassets */,
			);
			path = Resources;
			sourceTree = "<group>";
		};
		D5FBE532EE59E1536AE720B3 /* CreaseTests */ = {
			isa = PBXGroup;
			children = (
				C20E01A1CBB18BB646D7C719 /* JourneyTrackTests.swift */,
				030570AB33B09D580983F6ED /* ReadyEstimateTests.swift */,
			);
			path = CreaseTests;
			sourceTree = "<group>";
		};
		"TEMP_56B87666-84D6-42A7-990F-6D459FF7FD09" /* ios */ = {
			isa = PBXGroup;
			children = (
				"TEMP_447798B9-27C4-41B4-BA37-79004E23267B" /* Secrets.xcconfig */,
			);
			path = ios;
			sourceTree = "<group>";
		};
/* End PBXGroup section */

/* Begin PBXNativeTarget section */
		2C0C700B3B7FC451D92062A2 /* Crease */ = {
			isa = PBXNativeTarget;
			buildConfigurationList = C3EB0C20BD82519FBE1515D7 /* Build configuration list for PBXNativeTarget "Crease" */;
			buildPhases = (
				880343DBECDCA73AD2F219B9 /* Sources */,
				40D3D2C0DF211191DA996E0B /* Resources */,
				EEEC22F95A8A0D5F9DB2B889 /* Frameworks */,
			);
			buildRules = (
			);
			dependencies = (
			);
			name = Crease;
			packageProductDependencies = (
				02DD1050D2C1AF4B5A7AE22E /* Supabase */,
				255D110BBBD201B5E80C7E7F /* StripePaymentSheet */,
			);
			productName = Crease;
			productReference = 0C345CE341227812BDDAB8B9 /* Crease.app */;
			productType = "com.apple.product-type.application";
		};
		2CA1AC20162332DB67A4E358 /* CreaseUITests */ = {
			isa = PBXNativeTarget;
			buildConfigurationList = 0F727009E76B2956BB0AF4C9 /* Build configuration list for PBXNativeTarget "CreaseUITests" */;
			buildPhases = (
				24063AE4249DBEC5E46FF3F5 /* Sources */,
			);
			buildRules = (
			);
			dependencies = (
				9B65C265B829867D00322F33 /* PBXTargetDependency */,
			);
			name = CreaseUITests;
			packageProductDependencies = (
			);
			productName = CreaseUITests;
			productReference = F86DCA15AB65C766DF0F5BDE /* CreaseUITests.xctest */;
			productType = "com.apple.product-type.bundle.ui-testing";
		};
		4127557E46966CB48B33CBFF /* CreaseTests */ = {
			isa = PBXNativeTarget;
			buildConfigurationList = AD8C29FEE408651218791D6E /* Build configuration list for PBXNativeTarget "CreaseTests" */;
			buildPhases = (
				D5D8B7CA770ACBB50A7A223F /* Sources */,
			);
			buildRules = (
			);
			dependencies = (
				86A1C7941E7E9ECE8A2D1312 /* PBXTargetDependency */,
			);
			name = CreaseTests;
			packageProductDependencies = (
			);
			productName = CreaseTests;
			productReference = 4D8D339EC7C4BB27F9FCC546 /* CreaseTests.xctest */;
			productType = "com.apple.product-type.bundle.unit-test";
		};
/* End PBXNativeTarget section */

/* Begin PBXProject section */
		E39EA8B04074742B98020921 /* Project object */ = {
			isa = PBXProject;
			attributes = {
				BuildIndependentTargetsInParallel = YES;
				LastUpgradeCheck = 1430;
				TargetAttributes = {
					2C0C700B3B7FC451D92062A2 = {
						ProvisioningStyle = Automatic;
					};
					2CA1AC20162332DB67A4E358 = {
						TestTargetID = 2C0C700B3B7FC451D92062A2;
					};
				};
			};
			buildConfigurationList = 7F4664E4914BDCB6CFA0F2C9 /* Build configuration list for PBXProject "Crease" */;
			developmentRegion = en;
			hasScannedForEncodings = 0;
			knownRegions = (
				Base,
				en,
			);
			mainGroup = 95C016BAD151D00460D30E29;
			minimizedProjectReferenceProxies = 1;
			packageReferences = (
				FED92BB11B4CE98BFDE019A4 /* XCRemoteSwiftPackageReference "stripe-ios" */,
				1A405DE69C47537F58F7EB37 /* XCRemoteSwiftPackageReference "supabase-swift" */,
			);
			preferredProjectObjectVersion = 77;
			productRefGroup = 1B3A74420E5C72636E18255A /* Products */;
			projectDirPath = "";
			projectRoot = "";
			targets = (
				2C0C700B3B7FC451D92062A2 /* Crease */,
				4127557E46966CB48B33CBFF /* CreaseTests */,
				2CA1AC20162332DB67A4E358 /* CreaseUITests */,
			);
		};
/* End PBXProject section */

/* Begin PBXResourcesBuildPhase section */
		40D3D2C0DF211191DA996E0B /* Resources */ = {
			isa = PBXResourcesBuildPhase;
			buildActionMask = 2147483647;
			files = (
				C76535D0F4B2723B7845AE0D /* Assets.xcassets in Resources */,
			);
			runOnlyForDeploymentPostprocessing = 0;
		};
/* End PBXResourcesBuildPhase section */

/* Begin PBXSourcesBuildPhase section */
		24063AE4249DBEC5E46FF3F5 /* Sources */ = {
			isa = PBXSourcesBuildPhase;
			buildActionMask = 2147483647;
			files = (
				4C646A4E0FC83962FCD5E70E /* CreaseUITests.swift in Sources */,
				BB81133CC3903567AC111BE1 /* MarketingScreenshots.swift in Sources */,
			);
			runOnlyForDeploymentPostprocessing = 0;
		};
		880343DBECDCA73AD2F219B9 /* Sources */ = {
			isa = PBXSourcesBuildPhase;
			buildActionMask = 2147483647;
			files = (
				5499298ACAF3E49A3BC6EB5A /* AddressEntryView.swift in Sources */,
				57924740791051A3E9A53B82 /* AddressSearch.swift in Sources */,
				CE3DA935F82E416A86E57774 /* BookPickupView.swift in Sources */,
				1D902640E8721BA432092439 /* Checkout.swift in Sources */,
				5315BCF511CB4837D1B45042 /* CleanerPickerView.swift in Sources */,
				92B390FAF0CED6D747E33C1B /* CreaseApp.swift in Sources */,
				FC60CCABC97DB389285ED304 /* DispatchAPI.swift in Sources */,
				707D1EB4C562655AED6F23C7 /* LocationProvider.swift in Sources */,
				372A54856F0A7E0DBE6A2B4A /* Models.swift in Sources */,
				B3A8D805084A810FF6881096 /* OrderDetailView.swift in Sources */,
				62CAA121325D196E5626A169 /* OrderStore.swift in Sources */,
				AD8DF9D9B8AC121FA1F1D0EE /* OrdersView.swift in Sources */,
				7166AD11F708FC67757EF404 /* PinConfirmView.swift in Sources */,
				E4CD2FB5594370A0F986D845 /* Push.swift in Sources */,
				E5C6078A0B5BAF12AD112831 /* ScheduleReturnView.swift in Sources */,
				6194AC704D44CB772D9F326A /* ServiceOption.swift in Sources */,
				65248D63B9B13189C67F76B9 /* Session.swift in Sources */,
				8720FC51070189C85F80B303 /* SignInView.swift in Sources */,
				7194E0429F1BF472F7621082 /* Theme.swift in Sources */,
			);
			runOnlyForDeploymentPostprocessing = 0;
		};
		D5D8B7CA770ACBB50A7A223F /* Sources */ = {
			isa = PBXSourcesBuildPhase;
			buildActionMask = 2147483647;
			files = (
				2A5CB47F9CD7C778F30FA73F /* JourneyTrackTests.swift in Sources */,
				085CDCA72441BA5A897F5F53 /* ReadyEstimateTests.swift in Sources */,
			);
			runOnlyForDeploymentPostprocessing = 0;
		};
/* End PBXSourcesBuildPhase section */

/* Begin PBXTargetDependency section */
		86A1C7941E7E9ECE8A2D1312 /* PBXTargetDependency */ = {
			isa = PBXTargetDependency;
			target = 2C0C700B3B7FC451D92062A2 /* Crease */;
			targetProxy = 7E884AD7122A5C42F74A69C7 /* PBXContainerItemProxy */;
		};
		9B65C265B829867D00322F33 /* PBXTargetDependency */ = {
			isa = PBXTargetDependency;
			target = 2C0C700B3B7FC451D92062A2 /* Crease */;
			targetProxy = ECA722E6EC852743772CFF8F /* PBXContainerItemProxy */;
		};
/* End PBXTargetDependency section */

/* Begin XCBuildConfiguration section */
		18B4F8D78E8FB6CC9FC0EB84 /* Debug */ = {
			isa = XCBuildConfiguration;
			buildSettings = {
				ALWAYS_SEARCH_USER_PATHS = NO;
				CLANG_ANALYZER_NONNULL = YES;
				CLANG_ANALYZER_NUMBER_OBJECT_CONVERSION = YES_AGGRESSIVE;
				CLANG_CXX_LANGUAGE_STANDARD = "gnu++14";
				CLANG_CXX_LIBRARY = "libc++";
				CLANG_ENABLE_MODULES = YES;
				CLANG_ENABLE_OBJC_ARC = YES;
				CLANG_ENABLE_OBJC_WEAK = YES;
				CLANG_WARN_BLOCK_CAPTURE_AUTORELEASING = YES;
				CLANG_WARN_BOOL_CONVERSION = YES;
				CLANG_WARN_COMMA = YES;
				CLANG_WARN_CONSTANT_CONVERSION = YES;
				CLANG_WARN_DEPRECATED_OBJC_IMPLEMENTATIONS = YES;
				CLANG_WARN_DIRECT_OBJC_ISA_USAGE = YES_ERROR;
				CLANG_WARN_DOCUMENTATION_COMMENTS = YES;
				CLANG_WARN_EMPTY_BODY = YES;
				CLANG_WARN_ENUM_CONVERSION = YES;
				CLANG_WARN_INFINITE_RECURSION = YES;
				CLANG_WARN_INT_CONVERSION = YES;
				CLANG_WARN_NON_LITERAL_NULL_CONVERSION = YES;
				CLANG_WARN_OBJC_IMPLICIT_RETAIN_SELF = YES;
				CLANG_WARN_OBJC_LITERAL_CONVERSION = YES;
				CLANG_WARN_OBJC_ROOT_CLASS = YES_ERROR;
				CLANG_WARN_QUOTED_INCLUDE_IN_FRAMEWORK_HEADER = YES;
				CLANG_WARN_RANGE_LOOP_ANALYSIS = YES;
				CLANG_WARN_STRICT_PROTOTYPES = YES;
				CLANG_WARN_SUSPICIOUS_MOVE = YES;
				CLANG_WARN_UNGUARDED_AVAILABILITY = YES_AGGRESSIVE;
				CLANG_WARN_UNREACHABLE_CODE = YES;
				CLANG_WARN__DUPLICATE_METHOD_MATCH = YES;
				COPY_PHASE_STRIP = NO;
				CURRENT_PROJECT_VERSION = 16;
				DEBUG_INFORMATION_FORMAT = dwarf;
				ENABLE_STRICT_OBJC_MSGSEND = YES;
				ENABLE_TESTABILITY = YES;
				ENABLE_USER_SCRIPT_SANDBOXING = NO;
				GCC_C_LANGUAGE_STANDARD = gnu11;
				GCC_DYNAMIC_NO_PIC = NO;
				GCC_NO_COMMON_BLOCKS = YES;
				GCC_OPTIMIZATION_LEVEL = 0;
				GCC_PREPROCESSOR_DEFINITIONS = (
					"$(inherited)",
					"DEBUG=1",
				);
				GCC_WARN_64_TO_32_BIT_CONVERSION = YES;
				GCC_WARN_ABOUT_RETURN_TYPE = YES_ERROR;
				GCC_WARN_UNDECLARED_SELECTOR = YES;
				GCC_WARN_UNINITIALIZED_AUTOS = YES_AGGRESSIVE;
				GCC_WARN_UNUSED_FUNCTION = YES;
				GCC_WARN_UNUSED_VARIABLE = YES;
				IPHONEOS_DEPLOYMENT_TARGET = 17.0;
				MARKETING_VERSION = 1.0;
				MTL_ENABLE_DEBUG_INFO = INCLUDE_SOURCE;
				MTL_FAST_MATH = YES;
				ONLY_ACTIVE_ARCH = YES;
				PRODUCT_NAME = "$(TARGET_NAME)";
				SDKROOT = iphoneos;
				SWIFT_ACTIVE_COMPILATION_CONDITIONS = DEBUG;
				SWIFT_OPTIMIZATION_LEVEL = "-Onone";
				SWIFT_VERSION = 5.10;
			};
			name = Debug;
		};
		2859B3B9433124CC0F7950A9 /* Release */ = {
			isa = XCBuildConfiguration;
			baseConfigurationReference = "TEMP_447798B9-27C4-41B4-BA37-79004E23267B" /* Secrets.xcconfig */;
			buildSettings = {
				APS_ENVIRONMENT = production;
				ASSETCATALOG_COMPILER_APPICON_NAME = AppIcon;
				CODE_SIGN_ENTITLEMENTS = Crease/Crease.entitlements;
				CODE_SIGN_IDENTITY = "iPhone Developer";
				CODE_SIGN_STYLE = Automatic;
				ENABLE_DEBUG_DYLIB = NO;
				GENERATE_INFOPLIST_FILE = NO;
				INFOPLIST_FILE = Crease/Info.plist;
				LD_RUNPATH_SEARCH_PATHS = (
					"$(inherited)",
					"@executable_path/Frameworks",
				);
				PRODUCT_BUNDLE_IDENTIFIER = com.divinedavis.crease;
				SDKROOT = iphoneos;
				TARGETED_DEVICE_FAMILY = 1;
			};
			name = Release;
		};
		5B27753090FDBDA1AC10DC61 /* Debug */ = {
			isa = XCBuildConfiguration;
			buildSettings = {
				BUNDLE_LOADER = "$(TEST_HOST)";
				GENERATE_INFOPLIST_FILE = YES;
				LD_RUNPATH_SEARCH_PATHS = (
					"$(inherited)",
					"@executable_path/Frameworks",
					"@loader_path/Frameworks",
				);
				PRODUCT_BUNDLE_IDENTIFIER = com.divinedavis.crease.tests;
				SDKROOT = iphoneos;
				TARGETED_DEVICE_FAMILY = "1,2";
				TEST_HOST = "$(BUILT_PRODUCTS_DIR)/Crease.app/Crease";
			};
			name = Debug;
		};
		6C2072D36AF08BE1D8C89E64 /* Release */ = {
			isa = XCBuildConfiguration;
			buildSettings = {
				ALWAYS_SEARCH_USER_PATHS = NO;
				CLANG_ANALYZER_NONNULL = YES;
				CLANG_ANALYZER_NUMBER_OBJECT_CONVERSION = YES_AGGRESSIVE;
				CLANG_CXX_LANGUAGE_STANDARD = "gnu++14";
				CLANG_CXX_LIBRARY = "libc++";
				CLANG_ENABLE_MODULES = YES;
				CLANG_ENABLE_OBJC_ARC = YES;
				CLANG_ENABLE_OBJC_WEAK = YES;
				CLANG_WARN_BLOCK_CAPTURE_AUTORELEASING = YES;
				CLANG_WARN_BOOL_CONVERSION = YES;
				CLANG_WARN_COMMA = YES;
				CLANG_WARN_CONSTANT_CONVERSION = YES;
				CLANG_WARN_DEPRECATED_OBJC_IMPLEMENTATIONS = YES;
				CLANG_WARN_DIRECT_OBJC_ISA_USAGE = YES_ERROR;
				CLANG_WARN_DOCUMENTATION_COMMENTS = YES;
				CLANG_WARN_EMPTY_BODY = YES;
				CLANG_WARN_ENUM_CONVERSION = YES;
				CLANG_WARN_INFINITE_RECURSION = YES;
				CLANG_WARN_INT_CONVERSION = YES;
				CLANG_WARN_NON_LITERAL_NULL_CONVERSION = YES;
				CLANG_WARN_OBJC_IMPLICIT_RETAIN_SELF = YES;
				CLANG_WARN_OBJC_LITERAL_CONVERSION = YES;
				CLANG_WARN_OBJC_ROOT_CLASS = YES_ERROR;
				CLANG_WARN_QUOTED_INCLUDE_IN_FRAMEWORK_HEADER = YES;
				CLANG_WARN_RANGE_LOOP_ANALYSIS = YES;
				CLANG_WARN_STRICT_PROTOTYPES = YES;
				CLANG_WARN_SUSPICIOUS_MOVE = YES;
				CLANG_WARN_UNGUARDED_AVAILABILITY = YES_AGGRESSIVE;
				CLANG_WARN_UNREACHABLE_CODE = YES;
				CLANG_WARN__DUPLICATE_METHOD_MATCH = YES;
				COPY_PHASE_STRIP = NO;
				CURRENT_PROJECT_VERSION = 16;
				DEBUG_INFORMATION_FORMAT = "dwarf-with-dsym";
				ENABLE_NS_ASSERTIONS = NO;
				ENABLE_STRICT_OBJC_MSGSEND = YES;
				ENABLE_USER_SCRIPT_SANDBOXING = NO;
				GCC_C_LANGUAGE_STANDARD = gnu11;
				GCC_NO_COMMON_BLOCKS = YES;
				GCC_WARN_64_TO_32_BIT_CONVERSION = YES;
				GCC_WARN_ABOUT_RETURN_TYPE = YES_ERROR;
				GCC_WARN_UNDECLARED_SELECTOR = YES;
				GCC_WARN_UNINITIALIZED_AUTOS = YES_AGGRESSIVE;
				GCC_WARN_UNUSED_FUNCTION = YES;
				GCC_WARN_UNUSED_VARIABLE = YES;
				IPHONEOS_DEPLOYMENT_TARGET = 17.0;
				MARKETING_VERSION = 1.0;
				MTL_ENABLE_DEBUG_INFO = NO;
				MTL_FAST_MATH = YES;
				PRODUCT_NAME = "$(TARGET_NAME)";
				SDKROOT = iphoneos;
				SWIFT_COMPILATION_MODE = wholemodule;
				SWIFT_OPTIMIZATION_LEVEL = "-O";
				SWIFT_VERSION = 5.10;
			};
			name = Release;
		};
		6CBDBD2CE361512E89F3E0CE /* Release */ = {
			isa = XCBuildConfiguration;
			buildSettings = {
				BUNDLE_LOADER = "$(TEST_HOST)";
				GENERATE_INFOPLIST_FILE = YES;
				LD_RUNPATH_SEARCH_PATHS = (
					"$(inherited)",
					"@executable_path/Frameworks",
					"@loader_path/Frameworks",
				);
				PRODUCT_BUNDLE_IDENTIFIER = com.divinedavis.crease.tests;
				SDKROOT = iphoneos;
				TARGETED_DEVICE_FAMILY = "1,2";
				TEST_HOST = "$(BUILT_PRODUCTS_DIR)/Crease.app/Crease";
			};
			name = Release;
		};
		97F5F280966E82F935C241B5 /* Debug */ = {
			isa = XCBuildConfiguration;
			buildSettings = {
				BUNDLE_LOADER = "$(TEST_HOST)";
				GENERATE_INFOPLIST_FILE = YES;
				LD_RUNPATH_SEARCH_PATHS = (
					"$(inherited)",
					"@executable_path/Frameworks",
					"@loader_path/Frameworks",
				);
				PRODUCT_BUNDLE_IDENTIFIER = com.divinedavis.crease.uitests;
				SDKROOT = iphoneos;
				TARGETED_DEVICE_FAMILY = "1,2";
				TEST_TARGET_NAME = Crease;
			};
			name = Debug;
		};
		CA70242FFB4A6D8BC5E6D719 /* Release */ = {
			isa = XCBuildConfiguration;
			buildSettings = {
				BUNDLE_LOADER = "$(TEST_HOST)";
				GENERATE_INFOPLIST_FILE = YES;
				LD_RUNPATH_SEARCH_PATHS = (
					"$(inherited)",
					"@executable_path/Frameworks",
					"@loader_path/Frameworks",
				);
				PRODUCT_BUNDLE_IDENTIFIER = com.divinedavis.crease.uitests;
				SDKROOT = iphoneos;
				TARGETED_DEVICE_FAMILY = "1,2";
				TEST_TARGET_NAME = Crease;
			};
			name = Release;
		};
		E0B41F7DB392C54D821103B7 /* Debug */ = {
			isa = XCBuildConfiguration;
			baseConfigurationReference = "TEMP_447798B9-27C4-41B4-BA37-79004E23267B" /* Secrets.xcconfig */;
			buildSettings = {
				APS_ENVIRONMENT = development;
				ASSETCATALOG_COMPILER_APPICON_NAME = AppIcon;
				CODE_SIGN_ENTITLEMENTS = Crease/Crease.entitlements;
				CODE_SIGN_IDENTITY = "iPhone Developer";
				CODE_SIGN_STYLE = Automatic;
				ENABLE_DEBUG_DYLIB = NO;
				GENERATE_INFOPLIST_FILE = NO;
				INFOPLIST_FILE = Crease/Info.plist;
				LD_RUNPATH_SEARCH_PATHS = (
					"$(inherited)",
					"@executable_path/Frameworks",
				);
				PRODUCT_BUNDLE_IDENTIFIER = com.divinedavis.crease;
				SDKROOT = iphoneos;
				TARGETED_DEVICE_FAMILY = 1;
			};
			name = Debug;
		};
/* End XCBuildConfiguration section */

/* Begin XCConfigurationList section */
		0F727009E76B2956BB0AF4C9 /* Build configuration list for PBXNativeTarget "CreaseUITests" */ = {
			isa = XCConfigurationList;
			buildConfigurations = (
				97F5F280966E82F935C241B5 /* Debug */,
				CA70242FFB4A6D8BC5E6D719 /* Release */,
			);
			defaultConfigurationIsVisible = 0;
			defaultConfigurationName = Debug;
		};
		7F4664E4914BDCB6CFA0F2C9 /* Build configuration list for PBXProject "Crease" */ = {
			isa = XCConfigurationList;
			buildConfigurations = (
				18B4F8D78E8FB6CC9FC0EB84 /* Debug */,
				6C2072D36AF08BE1D8C89E64 /* Release */,
			);
			defaultConfigurationIsVisible = 0;
			defaultConfigurationName = Debug;
		};
		AD8C29FEE408651218791D6E /* Build configuration list for PBXNativeTarget "CreaseTests" */ = {
			isa = XCConfigurationList;
			buildConfigurations = (
				5B27753090FDBDA1AC10DC61 /* Debug */,
				6CBDBD2CE361512E89F3E0CE /* Release */,
			);
			defaultConfigurationIsVisible = 0;
			defaultConfigurationName = Debug;
		};
		C3EB0C20BD82519FBE1515D7 /* Build configuration list for PBXNativeTarget "Crease" */ = {
			isa = XCConfigurationList;
			buildConfigurations = (
				E0B41F7DB392C54D821103B7 /* Debug */,
				2859B3B9433124CC0F7950A9 /* Release */,
			);
			defaultConfigurationIsVisible = 0;
			defaultConfigurationName = Debug;
		};
/* End XCConfigurationList section */

/* Begin XCRemoteSwiftPackageReference section */
		1A405DE69C47537F58F7EB37 /* XCRemoteSwiftPackageReference "supabase-swift" */ = {
			isa = XCRemoteSwiftPackageReference;
			repositoryURL = "https://github.com/supabase/supabase-swift";
			requirement = {
				kind = upToNextMajorVersion;
				minimumVersion = 2.20.0;
			};
		};
		FED92BB11B4CE98BFDE019A4 /* XCRemoteSwiftPackageReference "stripe-ios" */ = {
			isa = XCRemoteSwiftPackageReference;
			repositoryURL = "https://github.com/stripe/stripe-ios";
			requirement = {
				kind = upToNextMajorVersion;
				minimumVersion = 24.0.0;
			};
		};
/* End XCRemoteSwiftPackageReference section */

/* Begin XCSwiftPackageProductDependency section */
		02DD1050D2C1AF4B5A7AE22E /* Supabase */ = {
			isa = XCSwiftPackageProductDependency;
			package = 1A405DE69C47537F58F7EB37 /* XCRemoteSwiftPackageReference "supabase-swift" */;
			productName = Supabase;
		};
		255D110BBBD201B5E80C7E7F /* StripePaymentSheet */ = {
			isa = XCSwiftPackageProductDependency;
			package = FED92BB11B4CE98BFDE019A4 /* XCRemoteSwiftPackageReference "stripe-ios" */;
			productName = StripePaymentSheet;
		};
/* End XCSwiftPackageProductDependency section */
	};
	rootObject = E39EA8B04074742B98020921 /* Project object */;
}
